<?xml version="1.0" encoding="utf-8"?>
<Project ToolsVersion="4.0" xmlns="http://schemas.microsoft.com/developer/msbuild/2003">
  <ItemGroup>
    <Filter Include="sdl1">
      <UniqueIdentifier>{27879611-c6fc-47cd-a655-53ade356b1b3}</UniqueIdentifier>
    </Filter>
    <Filter Include="pdcurses">
      <UniqueIdentifier>{cfef2dbc-ac31-472c-8a9c-d327d5a6465f}</UniqueIdentifier>
    </Filter>
  </ItemGroup>
  <ItemGroup>
    <ClInclude Include="sdl1\deffont.h">
      <Filter>sdl1</Filter>
    </ClInclude>
    <ClInclude Include="sdl1\deficon.h">
      <Filter>sdl1</Filter>
    </ClInclude>
    <ClInclude Include="sdl1\pdcsdl.h">
      <Filter>sdl1</Filter>
    </ClInclude>
    <ClInclude Include="curses.h" />
    <ClInclude Include="curspriv.h" />
    <ClInclude Include="panel.h" />
    <ClInclude Include="term.h" />
  </ItemGroup>
  <ItemGroup>
    <None Include="sdl1\README.md">
      <Filter>sdl1</Filter>
    </None>
    <None Include="sdl1\Makefile">
      <Filter>sdl1</Filter>
    </None>
    <None Include="sdl1\Makefile.mng">
      <Filter>sdl1</Filter>
    </None>
    <None Include="pdcurses\README.md">
      <Filter>pdcurses</Filter>
    </None>
  </ItemGroup>
  <ItemGroup>
    <ClCompile Include="sdl1\pdcclip.c">
      <Filter>sdl1</Filter>
    </ClCompile>
    <ClCompile Include="sdl1\pdcdisp.c">
      <Filter>sdl1</Filter>
    </ClCompile>
    <ClCompile Include="sdl1\pdcgetsc.c">
      <Filter>sdl1</Filter>
    </ClCompile>
    <ClCompile Include="sdl1\pdckbd.c">
      <Filter>sdl1</Filter>
    </ClCompile>
    <ClCompile Include="sdl1\pdcscrn.c">
      <Filter>sdl1</Filter>
    </ClCompile>
    <ClCompile Include="sdl1\pdcsetsc.c">
      <Filter>sdl1</Filter>
    </ClCompile>
    <ClCompile Include="sdl1\pdcutil.c">
      <Filter>sdl1</Filter>
    </ClCompile>
    <ClCompile Include="sdl1\sdltest.c">
      <Filter>sdl1</Filter>
    </ClCompile>
    <ClCompile Include="pdcurses\addch.c">
      <Filter>pdcurses</Filter>
    </ClCompile>
    <ClCompile Include="pdcurses\addchstr.c">
      <Filter>pdcurses</Filter>
    </ClCompile>
    <ClCompile Include="pdcurses\addstr.c">
      <Filter>pdcurses</Filter>
    </ClCompile>
    <ClCompile Include="pdcurses\attr.c">
      <Filter>pdcurses</Filter>
    </ClCompile>
    <ClCompile Include="pdcurses\beep.c">
      <Filter>pdcurses</Filter>
    </ClCompile>
    <ClCompile Include="pdcurses\bkgd.c">
      <Filter>pdcurses</Filter>
    </ClCompile>
    <ClCompile Include="pdcurses\border.c">
      <Filter>pdcurses</Filter>
    </ClCompile>
    <ClCompile Include="pdcurses\clear.c">
      <Filter>pdcurses</Filter>
    </ClCompile>
    <ClCompile Include="pdcurses\color.c">
      <Filter>pdcurses</Filter>
    </ClCompile>
    <ClCompile Include="pdcurses\debug.c">
      <Filter>pdcurses</Filter>
    </ClCompile>
    <ClCompile Include="pdcurses\delch.c">
      <Filter>pdcurses</Filter>
    </ClCompile>
    <ClCompile Include="pdcurses\deleteln.c">
      <Filter>pdcurses</Filter>
    </ClCompile>
    <ClCompile Include="pdcurses\deprec.c">
      <Filter>pdcurses</Filter>
    </ClCompile>
    <ClCompile Include="pdcurses\getch.c">
      <Filter>pdcurses</Filter>
    </ClCompile>
    <ClCompile Include="pdcurses\getstr.c">
      <Filter>pdcurses</Filter>
    </ClCompile>
    <ClCompile Include="pdcurses\getyx.c">
      <Filter>pdcurses</Filter>
    </ClCompile>
    <ClCompile Include="pdcurses\inch.c">
      <Filter>pdcurses</Filter>
    </ClCompile>
    <ClCompile Include="pdcurses\inchstr.c">
      <Filter>pdcurses</Filter>
    </ClCompile>
    <ClCompile Include="pdcurses\initscr.c">
      <Filter>pdcurses</Filter>
    </ClCompile>
    <ClCompile Include="pdcurses\inopts.c">
      <Filter>pdcurses</Filter>
    </ClCompile>
    <ClCompile Include="pdcurses\insch.c">
      <Filter>pdcurses</Filter>
    </ClCompile>
    <ClCompile Include="pdcurses\insstr.c">
      <Filter>pdcurses</Filter>
    </ClCompile>
    <ClCompile Include="pdcurses\instr.c">
      <Filter>pdcurses</Filter>
    </ClCompile>
    <ClCompile Include="pdcurses\kernel.c">
      <Filter>pdcurses</Filter>
    </ClCompile>
    <ClCompile Include="pdcurses\keyname.c">
      <Filter>pdcurses</Filter>
    </ClCompile>
    <ClCompile Include="pdcurses\mouse.c">
      <Filter>pdcurses</Filter>
    </ClCompile>
    <ClCompile Include="pdcurses\move.c">
      <Filter>pdcurses</Filter>
    </ClCompile>
    <ClCompile Include="pdcurses\outopts.c">
      <Filter>pdcurses</Filter>
    </ClCompile>
    <ClCompile Include="pdcurses\overlay.c">
      <Filter>pdcurses</Filter>
    </ClCompile>
    <ClCompile Include="pdcurses\pad.c">
      <Filter>pdcurses</Filter>
    </ClCompile>
    <ClCompile Include="pdcurses\panel.c">
      <Filter>pdcurses</Filter>
    </ClCompile>
    <ClCompile Include="pdcurses\printw.c">
      <Filter>pdcurses</Filter>
    </ClCompile>
    <ClCompile Include="pdcurses\refresh.c">
      <Filter>pdcurses</Filter>
    </ClCompile>
    <ClCompile Include="pdcurses\scanw.c">
      <Filter>pdcurses</Filter>
    </ClCompile>
    <ClCompile Include="pdcurses\scr_dump.c">
      <Filter>pdcurses</Filter>
    </ClCompile>
    <ClCompile Include="pdcurses\scroll.c">
      <Filter>pdcurses</Filter>
    </ClCompile>
    <ClCompile Include="pdcurses\slk.c">
      <Filter>pdcurses</Filter>
    </ClCompile>
    <ClCompile Include="pdcurses\termattr.c">
      <Filter>pdcurses</Filter>
    </ClCompile>
    <ClCompile Include="pdcurses\terminfo.c">
      <Filter>pdcurses</Filter>
    </ClCompile>
    <ClCompile Include="pdcurses\touch.c">
      <Filter>pdcurses</Filter>
    </ClCompile>
    <ClCompile Include="pdcurses\util.c">
      <Filter>pdcurses</Filter>
    </ClCompile>
    <ClCompile Include="pdcurses\window.c">
      <Filter>pdcurses</Filter>
    </ClCompile>
  </ItemGroup>
</Project>