
Microsoft Visual Studio Solution File, Format Version 12.00
# Visual Studio 14
VisualStudioVersion = 14.0.25420.1
MinimumVisualStudioVersion = 10.0.40219.1
Project("{8BC9CEB8-8B4A-11D0-8D11-00A0C91BC942}") = "RogueCollection", "src\RogueCollectionSdl\RogueCollection.vcxproj", "{691EF6AE-55BD-459F-94E6-6D318B47BCA0}"
	ProjectSection(ProjectDependencies) = postProject
		{5D94880B-C99D-887C-5219-9F7CBE21947C} = {5D94880B-C99D-887C-5219-9F7CBE21947C}
		{E85D0F19-D582-4240-8299-06ACCF51883B} = {E85D0F19-D582-4240-8299-06ACCF51883B}
		{5512251B-12A0-4CFD-8A13-0E57974206F0} = {5512251B-12A0-4CFD-8A13-0E57974206F0}
		{25CF5262-CC48-4884-A9DF-DC5534807CB4} = {25CF5262-CC48-4884-A9DF-DC5534807CB4}
		{E0FD877C-9C21-44B8-A074-45998156A532} = {E0FD877C-9C21-44B8-A074-45998156A532}
		{6130418E-34AB-444A-AAD5-D7269DB26009} = {6130418E-34AB-444A-AAD5-D7269DB26009}
		{494B9490-564B-4EB9-A41D-B8A2A151115C} = {494B9490-564B-4EB9-A41D-B8A2A151115C}
		{D82E17C1-009E-4EC6-A271-9A79DCAC6B42} = {D82E17C1-009E-4EC6-A271-9A79DCAC6B42}
	EndProjectSection
EndProject
Project("{8BC9CEB8-8B4A-11D0-8D11-00A0C91BC942}") = "Rogue_PC_Core", "src\RogueVersions\Rogue_PC_Core\Rogue_PC_Core.vcxproj", "{E26D8B74-2734-44D9-B418-B00E890E4073}"
	ProjectSection(ProjectDependencies) = postProject
		{0F817ACA-2C76-41C3-BBFD-36D66A68E2E6} = {0F817ACA-2C76-41C3-BBFD-36D66A68E2E6}
	EndProjectSection
EndProject
Project("{8BC9CEB8-8B4A-11D0-8D11-00A0C91BC942}") = "Rogue_PC_1_48", "src\RogueVersions\Rogue_PC_1_48\Rogue_PC_1_48.vcxproj", "{25CF5262-CC48-4884-A9DF-DC5534807CB4}"
	ProjectSection(ProjectDependencies) = postProject
		{E26D8B74-2734-44D9-B418-B00E890E4073} = {E26D8B74-2734-44D9-B418-B00E890E4073}
		{0F817ACA-2C76-41C3-BBFD-36D66A68E2E6} = {0F817ACA-2C76-41C3-BBFD-36D66A68E2E6}
	EndProjectSection
EndProject
Project("{2150E333-8FDC-42A3-9474-1A3956D46DE8}") = "Front Ends", "Front Ends", "{1EF0858A-7558-4B06-8441-5F6EB2E044FF}"
EndProject
Project("{2150E333-8FDC-42A3-9474-1A3956D46DE8}") = "Game", "Game", "{91047729-F446-42B0-A7E2-A1FF1E8E621E}"
EndProject
Project("{2150E333-8FDC-42A3-9474-1A3956D46DE8}") = "Library", "Library", "{864E2853-9C3F-482B-9677-50D4F5A0DDED}"
EndProject
Project("{8BC9CEB8-8B4A-11D0-8D11-00A0C91BC942}") = "MyCurses", "src\MyCurses\MyCurses.vcxproj", "{0F817ACA-2C76-41C3-BBFD-36D66A68E2E6}"
EndProject
Project("{8BC9CEB8-8B4A-11D0-8D11-00A0C91BC942}") = "Rogue_5_4_2", "src\RogueVersions\Rogue_5_4_2\Rogue_5_4_2.vcxproj", "{E85D0F19-D582-4240-8299-06ACCF51883B}"
	ProjectSection(ProjectDependencies) = postProject
		{0F817ACA-2C76-41C3-BBFD-36D66A68E2E6} = {0F817ACA-2C76-41C3-BBFD-36D66A68E2E6}
	EndProjectSection
EndProject
Project("{8BC9CEB8-8B4A-11D0-8D11-00A0C91BC942}") = "Rogue_5_2_1", "src\RogueVersions\Rogue_5_2_1\Rogue_5_2_1.vcxproj", "{5512251B-12A0-4CFD-8A13-0E57974206F0}"
	ProjectSection(ProjectDependencies) = postProject
		{0F817ACA-2C76-41C3-BBFD-36D66A68E2E6} = {0F817ACA-2C76-41C3-BBFD-36D66A68E2E6}
	EndProjectSection
EndProject
Project("{8BC9CEB8-8B4A-11D0-8D11-00A0C91BC942}") = "Rogue_3_6_3", "src\RogueVersions\Rogue_3_6_3\Rogue_3_6_3.vcxproj", "{494B9490-564B-4EB9-A41D-B8A2A151115C}"
	ProjectSection(ProjectDependencies) = postProject
		{0F817ACA-2C76-41C3-BBFD-36D66A68E2E6} = {0F817ACA-2C76-41C3-BBFD-36D66A68E2E6}
	EndProjectSection
EndProject
Project("{8BC9CEB8-8B4A-11D0-8D11-00A0C91BC942}") = "nfd", "lib\NativeFileDialog\build\vs2010\nfd.vcxproj", "{5D94880B-C99D-887C-5219-9F7CBE21947C}"
EndProject
Project("{8BC9CEB8-8B4A-11D0-8D11-00A0C91BC942}") = "Rogue_5_3", "src\RogueVersions\Rogue_5_3\Rogue_5_3.vcxproj", "{D82E17C1-009E-4EC6-A271-9A79DCAC6B42}"
	ProjectSection(ProjectDependencies) = postProject
		{0F817ACA-2C76-41C3-BBFD-36D66A68E2E6} = {0F817ACA-2C76-41C3-BBFD-36D66A68E2E6}
	EndProjectSection
EndProject
Project("{2150E333-8FDC-42A3-9474-1A3956D46DE8}") = "Rogomatic", "Rogomatic", "{0584C180-BB79-4D16-BD3F-ADE3A8FFC3A6}"
EndProject
Project("{8BC9CEB8-8B4A-11D0-8D11-00A0C91BC942}") = "Rogomatic_Player", "src\Rogomatic\player.vcxproj", "{6130418E-34AB-444A-AAD5-D7269DB26009}"
	ProjectSection(ProjectDependencies) = postProject
		{0F817ACA-2C76-41C3-BBFD-36D66A68E2E6} = {0F817ACA-2C76-41C3-BBFD-36D66A68E2E6}
	EndProjectSection
EndProject
Project("{8BC9CEB8-8B4A-11D0-8D11-00A0C91BC942}") = "Frontend", "src\Shared\Frontend\Frontend.vcxproj", "{E0FD877C-9C21-44B8-A074-45998156A532}"
EndProject
Global
	GlobalSection(SolutionConfigurationPlatforms) = preSolution
		Debug|x86 = Debug|x86
		Release|x86 = Release|x86
	EndGlobalSection
	GlobalSection(ProjectConfigurationPlatforms) = postSolution
		{691EF6AE-55BD-459F-94E6-6D318B47BCA0}.Debug|x86.ActiveCfg = Debug|Win32
		{691EF6AE-55BD-459F-94E6-6D318B47BCA0}.Debug|x86.Build.0 = Debug|Win32
		{691EF6AE-55BD-459F-94E6-6D318B47BCA0}.Release|x86.ActiveCfg = Release|Win32
		{691EF6AE-55BD-459F-94E6-6D318B47BCA0}.Release|x86.Build.0 = Release|Win32
		{E26D8B74-2734-44D9-B418-B00E890E4073}.Debug|x86.ActiveCfg = Debug|Win32
		{E26D8B74-2734-44D9-B418-B00E890E4073}.Debug|x86.Build.0 = Debug|Win32
		{E26D8B74-2734-44D9-B418-B00E890E4073}.Release|x86.ActiveCfg = Release|Win32
		{E26D8B74-2734-44D9-B418-B00E890E4073}.Release|x86.Build.0 = Release|Win32
		{25CF5262-CC48-4884-A9DF-DC5534807CB4}.Debug|x86.ActiveCfg = Debug|Win32
		{25CF5262-CC48-4884-A9DF-DC5534807CB4}.Debug|x86.Build.0 = Debug|Win32
		{25CF5262-CC48-4884-A9DF-DC5534807CB4}.Release|x86.ActiveCfg = Release|Win32
		{25CF5262-CC48-4884-A9DF-DC5534807CB4}.Release|x86.Build.0 = Release|Win32
		{0F817ACA-2C76-41C3-BBFD-36D66A68E2E6}.Debug|x86.ActiveCfg = Debug|Win32
		{0F817ACA-2C76-41C3-BBFD-36D66A68E2E6}.Debug|x86.Build.0 = Debug|Win32
		{0F817ACA-2C76-41C3-BBFD-36D66A68E2E6}.Release|x86.ActiveCfg = Release|Win32
		{0F817ACA-2C76-41C3-BBFD-36D66A68E2E6}.Release|x86.Build.0 = Release|Win32
		{E85D0F19-D582-4240-8299-06ACCF51883B}.Debug|x86.ActiveCfg = Debug|Win32
		{E85D0F19-D582-4240-8299-06ACCF51883B}.Debug|x86.Build.0 = Debug|Win32
		{E85D0F19-D582-4240-8299-06ACCF51883B}.Release|x86.ActiveCfg = Release|Win32
		{E85D0F19-D582-4240-8299-06ACCF51883B}.Release|x86.Build.0 = Release|Win32
		{5512251B-12A0-4CFD-8A13-0E57974206F0}.Debug|x86.ActiveCfg = Debug|Win32
		{5512251B-12A0-4CFD-8A13-0E57974206F0}.Debug|x86.Build.0 = Debug|Win32
		{5512251B-12A0-4CFD-8A13-0E57974206F0}.Release|x86.ActiveCfg = Release|Win32
		{5512251B-12A0-4CFD-8A13-0E57974206F0}.Release|x86.Build.0 = Release|Win32
		{494B9490-564B-4EB9-A41D-B8A2A151115C}.Debug|x86.ActiveCfg = Debug|Win32
		{494B9490-564B-4EB9-A41D-B8A2A151115C}.Debug|x86.Build.0 = Debug|Win32
		{494B9490-564B-4EB9-A41D-B8A2A151115C}.Release|x86.ActiveCfg = Release|Win32
		{494B9490-564B-4EB9-A41D-B8A2A151115C}.Release|x86.Build.0 = Release|Win32
		{5D94880B-C99D-887C-5219-9F7CBE21947C}.Debug|x86.ActiveCfg = Debug|Win32
		{5D94880B-C99D-887C-5219-9F7CBE21947C}.Debug|x86.Build.0 = Debug|Win32
		{5D94880B-C99D-887C-5219-9F7CBE21947C}.Release|x86.ActiveCfg = Release|Win32
		{5D94880B-C99D-887C-5219-9F7CBE21947C}.Release|x86.Build.0 = Release|Win32
		{D82E17C1-009E-4EC6-A271-9A79DCAC6B42}.Debug|x86.ActiveCfg = Debug|Win32
		{D82E17C1-009E-4EC6-A271-9A79DCAC6B42}.Debug|x86.Build.0 = Debug|Win32
		{D82E17C1-009E-4EC6-A271-9A79DCAC6B42}.Release|x86.ActiveCfg = Release|Win32
		{D82E17C1-009E-4EC6-A271-9A79DCAC6B42}.Release|x86.Build.0 = Release|Win32
		{6130418E-34AB-444A-AAD5-D7269DB26009}.Debug|x86.ActiveCfg = Debug|Win32
		{6130418E-34AB-444A-AAD5-D7269DB26009}.Debug|x86.Build.0 = Debug|Win32
		{6130418E-34AB-444A-AAD5-D7269DB26009}.Release|x86.ActiveCfg = Release|Win32
		{6130418E-34AB-444A-AAD5-D7269DB26009}.Release|x86.Build.0 = Release|Win32
		{E0FD877C-9C21-44B8-A074-45998156A532}.Debug|x86.ActiveCfg = Debug|Win32
		{E0FD877C-9C21-44B8-A074-45998156A532}.Debug|x86.Build.0 = Debug|Win32
		{E0FD877C-9C21-44B8-A074-45998156A532}.Release|x86.ActiveCfg = Release|Win32
		{E0FD877C-9C21-44B8-A074-45998156A532}.Release|x86.Build.0 = Release|Win32
	EndGlobalSection
	GlobalSection(SolutionProperties) = preSolution
		HideSolutionNode = FALSE
	EndGlobalSection
	GlobalSection(NestedProjects) = preSolution
		{691EF6AE-55BD-459F-94E6-6D318B47BCA0} = {1EF0858A-7558-4B06-8441-5F6EB2E044FF}
		{E26D8B74-2734-44D9-B418-B00E890E4073} = {91047729-F446-42B0-A7E2-A1FF1E8E621E}
		{25CF5262-CC48-4884-A9DF-DC5534807CB4} = {91047729-F446-42B0-A7E2-A1FF1E8E621E}
		{0F817ACA-2C76-41C3-BBFD-36D66A68E2E6} = {864E2853-9C3F-482B-9677-50D4F5A0DDED}
		{E85D0F19-D582-4240-8299-06ACCF51883B} = {91047729-F446-42B0-A7E2-A1FF1E8E621E}
		{5512251B-12A0-4CFD-8A13-0E57974206F0} = {91047729-F446-42B0-A7E2-A1FF1E8E621E}
		{494B9490-564B-4EB9-A41D-B8A2A151115C} = {91047729-F446-42B0-A7E2-A1FF1E8E621E}
		{5D94880B-C99D-887C-5219-9F7CBE21947C} = {864E2853-9C3F-482B-9677-50D4F5A0DDED}
		{D82E17C1-009E-4EC6-A271-9A79DCAC6B42} = {91047729-F446-42B0-A7E2-A1FF1E8E621E}
		{6130418E-34AB-444A-AAD5-D7269DB26009} = {0584C180-BB79-4D16-BD3F-ADE3A8FFC3A6}
		{E0FD877C-9C21-44B8-A074-45998156A532} = {1EF0858A-7558-4B06-8441-5F6EB2E044FF}
	EndGlobalSection
EndGlobal
