<?xml version="1.0" encoding="utf-8"?>
<Project ToolsVersion="4.0" xmlns="http://schemas.microsoft.com/developer/msbuild/2003">
  <ItemGroup>
    <Filter Include="Source Files">
      <UniqueIdentifier>{4FC737F1-C7A5-4376-A066-2A32D752A2FF}</UniqueIdentifier>
      <Extensions>cpp;c;cc;cxx;def;odl;idl;hpj;bat;asm;asmx</Extensions>
    </Filter>
    <Filter Include="Header Files">
      <UniqueIdentifier>{93995380-89BD-4b04-88EB-625FBE52EBFB}</UniqueIdentifier>
      <Extensions>h;hpp;hxx;hm;inl;inc;xsd</Extensions>
    </Filter>
    <Filter Include="Resource Files">
      <UniqueIdentifier>{67DA6AB6-F800-4c08-8B7A-83BB121AAD01}</UniqueIdentifier>
      <Extensions>rc;ico;cur;bmp;dlg;rc2;rct;bin;rgs;gif;jpg;jpeg;jpe;resx;tiff;tif;png;wav;mfcribbon-ms</Extensions>
    </Filter>
  </ItemGroup>
  <ItemGroup>
    <ClCompile Include="armor.c">
      <Filter>Source Files</Filter>
    </ClCompile>
    <ClCompile Include="chase.c">
      <Filter>Source Files</Filter>
    </ClCompile>
    <ClCompile Include="command.c">
      <Filter>Source Files</Filter>
    </ClCompile>
    <ClCompile Include="curses.c">
      <Filter>Source Files</Filter>
    </ClCompile>
    <ClCompile Include="daemon.c">
      <Filter>Source Files</Filter>
    </ClCompile>
    <ClCompile Include="daemons.c">
      <Filter>Source Files</Filter>
    </ClCompile>
    <ClCompile Include="env.c">
      <Filter>Source Files</Filter>
    </ClCompile>
    <ClCompile Include="extern.c">
      <Filter>Source Files</Filter>
    </ClCompile>
    <ClCompile Include="fakedos.c">
      <Filter>Source Files</Filter>
    </ClCompile>
    <ClCompile Include="fight.c">
      <Filter>Source Files</Filter>
    </ClCompile>
    <ClCompile Include="init.c">
      <Filter>Source Files</Filter>
    </ClCompile>
    <ClCompile Include="io.c">
      <Filter>Source Files</Filter>
    </ClCompile>
    <ClCompile Include="list.c">
      <Filter>Source Files</Filter>
    </ClCompile>
    <ClCompile Include="mach_dep.c">
      <Filter>Source Files</Filter>
    </ClCompile>
    <ClCompile Include="main.c">
      <Filter>Source Files</Filter>
    </ClCompile>
    <ClCompile Include="maze.c">
      <Filter>Source Files</Filter>
    </ClCompile>
    <ClCompile Include="misc.c">
      <Filter>Source Files</Filter>
    </ClCompile>
    <ClCompile Include="monsters.c">
      <Filter>Source Files</Filter>
    </ClCompile>
    <ClCompile Include="move.c">
      <Filter>Source Files</Filter>
    </ClCompile>
    <ClCompile Include="new_leve.c">
      <Filter>Source Files</Filter>
    </ClCompile>
    <ClCompile Include="pack.c">
      <Filter>Source Files</Filter>
    </ClCompile>
    <ClCompile Include="passages.c">
      <Filter>Source Files</Filter>
    </ClCompile>
    <ClCompile Include="potions.c">
      <Filter>Source Files</Filter>
    </ClCompile>
    <ClCompile Include="rings.c">
      <Filter>Source Files</Filter>
    </ClCompile>
    <ClCompile Include="rip.c">
      <Filter>Source Files</Filter>
    </ClCompile>
    <ClCompile Include="rooms.c">
      <Filter>Source Files</Filter>
    </ClCompile>
    <ClCompile Include="save.c">
      <Filter>Source Files</Filter>
    </ClCompile>
    <ClCompile Include="scrolls.c">
      <Filter>Source Files</Filter>
    </ClCompile>
    <ClCompile Include="slime.c">
      <Filter>Source Files</Filter>
    </ClCompile>
    <ClCompile Include="sticks.c">
      <Filter>Source Files</Filter>
    </ClCompile>
    <ClCompile Include="strings.c">
      <Filter>Source Files</Filter>
    </ClCompile>
    <ClCompile Include="things.c">
      <Filter>Source Files</Filter>
    </ClCompile>
    <ClCompile Include="weapons.c">
      <Filter>Source Files</Filter>
    </ClCompile>
    <ClCompile Include="wizard.c">
      <Filter>Source Files</Filter>
    </ClCompile>
  </ItemGroup>
  <ItemGroup>
    <ClInclude Include="rogue.h">
      <Filter>Header Files</Filter>
    </ClInclude>
    <ClInclude Include="rip.h">
      <Filter>Header Files</Filter>
    </ClInclude>
    <ClInclude Include="chase.h">
      <Filter>Header Files</Filter>
    </ClInclude>
    <ClInclude Include="daemons.h">
      <Filter>Header Files</Filter>
    </ClInclude>
    <ClInclude Include="io.h">
      <Filter>Header Files</Filter>
    </ClInclude>
    <ClInclude Include="main.h">
      <Filter>Header Files</Filter>
    </ClInclude>
    <ClInclude Include="slime.h">
      <Filter>Header Files</Filter>
    </ClInclude>
    <ClInclude Include="rooms.h">
      <Filter>Header Files</Filter>
    </ClInclude>
    <ClInclude Include="sticks.h">
      <Filter>Header Files</Filter>
    </ClInclude>
    <ClInclude Include="monsters.h">
      <Filter>Header Files</Filter>
    </ClInclude>
    <ClInclude Include="potions.h">
      <Filter>Header Files</Filter>
    </ClInclude>
    <ClInclude Include="misc.h">
      <Filter>Header Files</Filter>
    </ClInclude>
    <ClInclude Include="things.h">
      <Filter>Header Files</Filter>
    </ClInclude>
    <ClInclude Include="move.h">
      <Filter>Header Files</Filter>
    </ClInclude>
    <ClInclude Include="command.h">
      <Filter>Header Files</Filter>
    </ClInclude>
    <ClInclude Include="pack.h">
      <Filter>Header Files</Filter>
    </ClInclude>
    <ClInclude Include="armor.h">
      <Filter>Header Files</Filter>
    </ClInclude>
    <ClInclude Include="daemon.h">
      <Filter>Header Files</Filter>
    </ClInclude>
    <ClInclude Include="fight.h">
      <Filter>Header Files</Filter>
    </ClInclude>
    <ClInclude Include="list.h">
      <Filter>Header Files</Filter>
    </ClInclude>
    <ClInclude Include="weapons.h">
      <Filter>Header Files</Filter>
    </ClInclude>
    <ClInclude Include="maze.h">
      <Filter>Header Files</Filter>
    </ClInclude>
    <ClInclude Include="curses.h">
      <Filter>Header Files</Filter>
    </ClInclude>
    <ClInclude Include="mach_dep.h">
      <Filter>Header Files</Filter>
    </ClInclude>
    <ClInclude Include="rings.h">
      <Filter>Header Files</Filter>
    </ClInclude>
    <ClInclude Include="new_leve.h">
      <Filter>Header Files</Filter>
    </ClInclude>
    <ClInclude Include="wizard.h">
      <Filter>Header Files</Filter>
    </ClInclude>
    <ClInclude Include="passages.h">
      <Filter>Header Files</Filter>
    </ClInclude>
    <ClInclude Include="fakedos.h">
      <Filter>Header Files</Filter>
    </ClInclude>
    <ClInclude Include="init.h">
      <Filter>Header Files</Filter>
    </ClInclude>
    <ClInclude Include="save.h">
      <Filter>Header Files</Filter>
    </ClInclude>
    <ClInclude Include="env.h">
      <Filter>Header Files</Filter>
    </ClInclude>
    <ClInclude Include="strings.h">
      <Filter>Header Files</Filter>
    </ClInclude>
    <ClInclude Include="scrolls.h">
      <Filter>Header Files</Filter>
    </ClInclude>
  </ItemGroup>
</Project>