
Microsoft Visual Studio Solution File, Format Version 12.00
# Visual Studio 14
VisualStudioVersion = 14.0.25420.1
MinimumVisualStudioVersion = 10.0.40219.1
Project("{8BC9CEB8-8B4A-11D0-8D11-00A0C91BC942}") = "RogueCore", "src\RogueCore\Rogue.vcxproj", "{E26D8B74-2734-44D9-B418-B00E890E4073}"
EndProject
Project("{8BC9CEB8-8B4A-11D0-8D11-00A0C91BC942}") = "ConsoleRogue", "src\ConsoleRogue\ConsoleRogue.vcxproj", "{D0B76666-16D4-485E-A5B8-6B4F40382DB3}"
	ProjectSection(ProjectDependencies) = postProject
		{E26D8B74-2734-44D9-B418-B00E890E4073} = {E26D8B74-2734-44D9-B418-B00E890E4073}
	EndProjectSection
EndProject
Project("{8BC9CEB8-8B4A-11D0-8D11-00A0C91BC942}") = "SdlRogue", "src\SdlRogue\SdlRogue.vcxproj", "{691EF6AE-55BD-459F-94E6-6D318B47BCA0}"
	ProjectSection(ProjectDependencies) = postProject
		{E26D8B74-2734-44D9-B418-B00E890E4073} = {E26D8B74-2734-44D9-B418-B00E890E4073}
	EndProjectSection
EndProject
Project("{8BC9CEB8-8B4A-11D0-8D11-00A0C91BC942}") = "PDCurses", "src\PDCurses\PDCurses.vcxproj", "{D21BCE89-8F41-465F-B577-94427FE70821}"
EndProject
Project("{8BC9CEB8-8B4A-11D0-8D11-00A0C91BC942}") = "PdCursesRogue", "src\PdCursesRogue\PdCursesRogue.vcxproj", "{25CF5262-CC48-4884-A9DF-DC5534807CB4}"
	ProjectSection(ProjectDependencies) = postProject
		{E26D8B74-2734-44D9-B418-B00E890E4073} = {E26D8B74-2734-44D9-B418-B00E890E4073}
		{D21BCE89-8F41-465F-B577-94427FE70821} = {D21BCE89-8F41-465F-B577-94427FE70821}
	EndProjectSection
EndProject
Project("{2150E333-8FDC-42A3-9474-1A3956D46DE8}") = "Front Ends", "Front Ends", "{1EF0858A-7558-4B06-8441-5F6EB2E044FF}"
EndProject
Project("{2150E333-8FDC-42A3-9474-1A3956D46DE8}") = "Game", "Game", "{91047729-F446-42B0-A7E2-A1FF1E8E621E}"
EndProject
Project("{2150E333-8FDC-42A3-9474-1A3956D46DE8}") = "Library", "Library", "{864E2853-9C3F-482B-9677-50D4F5A0DDED}"
EndProject
Global
	GlobalSection(SolutionConfigurationPlatforms) = preSolution
		Debug|x64 = Debug|x64
		Debug|x86 = Debug|x86
		Release|x64 = Release|x64
		Release|x86 = Release|x86
	EndGlobalSection
	GlobalSection(ProjectConfigurationPlatforms) = postSolution
		{E26D8B74-2734-44D9-B418-B00E890E4073}.Debug|x64.ActiveCfg = Debug|x64
		{E26D8B74-2734-44D9-B418-B00E890E4073}.Debug|x64.Build.0 = Debug|x64
		{E26D8B74-2734-44D9-B418-B00E890E4073}.Debug|x86.ActiveCfg = Debug|Win32
		{E26D8B74-2734-44D9-B418-B00E890E4073}.Debug|x86.Build.0 = Debug|Win32
		{E26D8B74-2734-44D9-B418-B00E890E4073}.Release|x64.ActiveCfg = Release|x64
		{E26D8B74-2734-44D9-B418-B00E890E4073}.Release|x64.Build.0 = Release|x64
		{E26D8B74-2734-44D9-B418-B00E890E4073}.Release|x86.ActiveCfg = Release|Win32
		{E26D8B74-2734-44D9-B418-B00E890E4073}.Release|x86.Build.0 = Release|Win32
		{D0B76666-16D4-485E-A5B8-6B4F40382DB3}.Debug|x64.ActiveCfg = Debug|x64
		{D0B76666-16D4-485E-A5B8-6B4F40382DB3}.Debug|x64.Build.0 = Debug|x64
		{D0B76666-16D4-485E-A5B8-6B4F40382DB3}.Debug|x86.ActiveCfg = Debug|Win32
		{D0B76666-16D4-485E-A5B8-6B4F40382DB3}.Debug|x86.Build.0 = Debug|Win32
		{D0B76666-16D4-485E-A5B8-6B4F40382DB3}.Release|x64.ActiveCfg = Release|x64
		{D0B76666-16D4-485E-A5B8-6B4F40382DB3}.Release|x64.Build.0 = Release|x64
		{D0B76666-16D4-485E-A5B8-6B4F40382DB3}.Release|x86.ActiveCfg = Release|Win32
		{D0B76666-16D4-485E-A5B8-6B4F40382DB3}.Release|x86.Build.0 = Release|Win32
		{691EF6AE-55BD-459F-94E6-6D318B47BCA0}.Debug|x64.ActiveCfg = Debug|x64
		{691EF6AE-55BD-459F-94E6-6D318B47BCA0}.Debug|x64.Build.0 = Debug|x64
		{691EF6AE-55BD-459F-94E6-6D318B47BCA0}.Debug|x86.ActiveCfg = Debug|Win32
		{691EF6AE-55BD-459F-94E6-6D318B47BCA0}.Debug|x86.Build.0 = Debug|Win32
		{691EF6AE-55BD-459F-94E6-6D318B47BCA0}.Release|x64.ActiveCfg = Release|x64
		{691EF6AE-55BD-459F-94E6-6D318B47BCA0}.Release|x64.Build.0 = Release|x64
		{691EF6AE-55BD-459F-94E6-6D318B47BCA0}.Release|x86.ActiveCfg = Release|Win32
		{691EF6AE-55BD-459F-94E6-6D318B47BCA0}.Release|x86.Build.0 = Release|Win32
		{D21BCE89-8F41-465F-B577-94427FE70821}.Debug|x64.ActiveCfg = Debug|x64
		{D21BCE89-8F41-465F-B577-94427FE70821}.Debug|x64.Build.0 = Debug|x64
		{D21BCE89-8F41-465F-B577-94427FE70821}.Debug|x86.ActiveCfg = Debug|Win32
		{D21BCE89-8F41-465F-B577-94427FE70821}.Debug|x86.Build.0 = Debug|Win32
		{D21BCE89-8F41-465F-B577-94427FE70821}.Release|x64.ActiveCfg = Release|x64
		{D21BCE89-8F41-465F-B577-94427FE70821}.Release|x64.Build.0 = Release|x64
		{D21BCE89-8F41-465F-B577-94427FE70821}.Release|x86.ActiveCfg = Release|Win32
		{D21BCE89-8F41-465F-B577-94427FE70821}.Release|x86.Build.0 = Release|Win32
		{25CF5262-CC48-4884-A9DF-DC5534807CB4}.Debug|x64.ActiveCfg = Debug|x64
		{25CF5262-CC48-4884-A9DF-DC5534807CB4}.Debug|x64.Build.0 = Debug|x64
		{25CF5262-CC48-4884-A9DF-DC5534807CB4}.Debug|x86.ActiveCfg = Debug|Win32
		{25CF5262-CC48-4884-A9DF-DC5534807CB4}.Debug|x86.Build.0 = Debug|Win32
		{25CF5262-CC48-4884-A9DF-DC5534807CB4}.Release|x64.ActiveCfg = Release|x64
		{25CF5262-CC48-4884-A9DF-DC5534807CB4}.Release|x64.Build.0 = Release|x64
		{25CF5262-CC48-4884-A9DF-DC5534807CB4}.Release|x86.ActiveCfg = Release|Win32
		{25CF5262-CC48-4884-A9DF-DC5534807CB4}.Release|x86.Build.0 = Release|Win32
	EndGlobalSection
	GlobalSection(SolutionProperties) = preSolution
		HideSolutionNode = FALSE
	EndGlobalSection
	GlobalSection(NestedProjects) = preSolution
		{E26D8B74-2734-44D9-B418-B00E890E4073} = {91047729-F446-42B0-A7E2-A1FF1E8E621E}
		{D0B76666-16D4-485E-A5B8-6B4F40382DB3} = {1EF0858A-7558-4B06-8441-5F6EB2E044FF}
		{691EF6AE-55BD-459F-94E6-6D318B47BCA0} = {1EF0858A-7558-4B06-8441-5F6EB2E044FF}
		{D21BCE89-8F41-465F-B577-94427FE70821} = {864E2853-9C3F-482B-9677-50D4F5A0DDED}
		{25CF5262-CC48-4884-A9DF-DC5534807CB4} = {1EF0858A-7558-4B06-8441-5F6EB2E044FF}
	EndGlobalSection
EndGlobal
