<?xml version="1.0" encoding="utf-8"?>
<Project ToolsVersion="4.0" xmlns="http://schemas.microsoft.com/developer/msbuild/2003">
  <ItemGroup>
    <Filter Include="Items">
      <UniqueIdentifier>{51d6bbdd-c714-4215-b927-56eda1c78ca6}</UniqueIdentifier>
    </Filter>
    <Filter Include="Levels">
      <UniqueIdentifier>{1af15637-eb9d-44c6-abb9-8abf856e9253}</UniqueIdentifier>
    </Filter>
    <Filter Include="Unsorted">
      <UniqueIdentifier>{4FC737F1-C7A5-4376-A066-2A32D752A2FF}</UniqueIdentifier>
      <Extensions>cpp;c;cc;cxx;def;odl;idl;hpj;bat;asm;asmx</Extensions>
    </Filter>
    <Filter Include="Core">
      <UniqueIdentifier>{4dfc4264-197b-4440-a72a-a44c4b2c4b9e}</UniqueIdentifier>
    </Filter>
    <Filter Include="Agents">
      <UniqueIdentifier>{2b654d38-84e8-461e-b7fc-d7c41883cf6b}</UniqueIdentifier>
    </Filter>
    <Filter Include="Output">
      <UniqueIdentifier>{8520dfc8-83cc-4780-acdc-b05eaae9ff6e}</UniqueIdentifier>
    </Filter>
    <Filter Include="Input">
      <UniqueIdentifier>{acdbf271-fb4b-455c-a681-9f64a7e53788}</UniqueIdentifier>
    </Filter>
  </ItemGroup>
  <ItemGroup>
    <ClCompile Include="daemon.cpp">
      <Filter>Unsorted</Filter>
    </ClCompile>
    <ClCompile Include="daemons.cpp">
      <Filter>Unsorted</Filter>
    </ClCompile>
    <ClCompile Include="env.cpp">
      <Filter>Unsorted</Filter>
    </ClCompile>
    <ClCompile Include="extern.cpp">
      <Filter>Unsorted</Filter>
    </ClCompile>
    <ClCompile Include="fakedos.cpp">
      <Filter>Unsorted</Filter>
    </ClCompile>
    <ClCompile Include="fight.cpp">
      <Filter>Unsorted</Filter>
    </ClCompile>
    <ClCompile Include="list.cpp">
      <Filter>Unsorted</Filter>
    </ClCompile>
    <ClCompile Include="misc.cpp">
      <Filter>Unsorted</Filter>
    </ClCompile>
    <ClCompile Include="move.cpp">
      <Filter>Unsorted</Filter>
    </ClCompile>
    <ClCompile Include="pack.cpp">
      <Filter>Unsorted</Filter>
    </ClCompile>
    <ClCompile Include="rip.cpp">
      <Filter>Unsorted</Filter>
    </ClCompile>
    <ClCompile Include="save.cpp">
      <Filter>Unsorted</Filter>
    </ClCompile>
    <ClCompile Include="strings.cpp">
      <Filter>Unsorted</Filter>
    </ClCompile>
    <ClCompile Include="things.cpp">
      <Filter>Unsorted</Filter>
    </ClCompile>
    <ClCompile Include="wizard.cpp">
      <Filter>Unsorted</Filter>
    </ClCompile>
    <ClCompile Include="random.cpp">
      <Filter>Unsorted</Filter>
    </ClCompile>
    <ClCompile Include="armor.cpp">
      <Filter>Items</Filter>
    </ClCompile>
    <ClCompile Include="item.cpp">
      <Filter>Items</Filter>
    </ClCompile>
    <ClCompile Include="rings.cpp">
      <Filter>Items</Filter>
    </ClCompile>
    <ClCompile Include="potions.cpp">
      <Filter>Items</Filter>
    </ClCompile>
    <ClCompile Include="sticks.cpp">
      <Filter>Items</Filter>
    </ClCompile>
    <ClCompile Include="weapons.cpp">
      <Filter>Items</Filter>
    </ClCompile>
    <ClCompile Include="scrolls.cpp">
      <Filter>Items</Filter>
    </ClCompile>
    <ClCompile Include="food.cpp">
      <Filter>Items</Filter>
    </ClCompile>
    <ClCompile Include="amulet.cpp">
      <Filter>Items</Filter>
    </ClCompile>
    <ClCompile Include="gold.cpp">
      <Filter>Items</Filter>
    </ClCompile>
    <ClCompile Include="agent.cpp">
      <Filter>Agents</Filter>
    </ClCompile>
    <ClCompile Include="hero.cpp">
      <Filter>Agents</Filter>
    </ClCompile>
    <ClCompile Include="monster.cpp">
      <Filter>Agents</Filter>
    </ClCompile>
    <ClCompile Include="monsters.cpp">
      <Filter>Agents</Filter>
    </ClCompile>
    <ClCompile Include="io.cpp">
      <Filter>Output</Filter>
    </ClCompile>
    <ClCompile Include="curses.cpp">
      <Filter>Output</Filter>
    </ClCompile>
    <ClCompile Include="item_class.cpp">
      <Filter>Items</Filter>
    </ClCompile>
    <ClCompile Include="maze.cpp">
      <Filter>Levels</Filter>
    </ClCompile>
    <ClCompile Include="passages.cpp">
      <Filter>Levels</Filter>
    </ClCompile>
    <ClCompile Include="room.cpp">
      <Filter>Levels</Filter>
    </ClCompile>
    <ClCompile Include="rooms.cpp">
      <Filter>Levels</Filter>
    </ClCompile>
    <ClCompile Include="level.cpp">
      <Filter>Levels</Filter>
    </ClCompile>
    <ClCompile Include="slime.cpp">
      <Filter>Agents</Filter>
    </ClCompile>
    <ClCompile Include="main.cpp">
      <Filter>Core</Filter>
    </ClCompile>
    <ClCompile Include="game_state.cpp">
      <Filter>Core</Filter>
    </ClCompile>
    <ClCompile Include="command.cpp">
      <Filter>Core</Filter>
    </ClCompile>
    <ClCompile Include="commands.cpp">
      <Filter>Core</Filter>
    </ClCompile>
    <ClCompile Include="mach_dep.cpp">
      <Filter>Input</Filter>
    </ClCompile>
    <ClCompile Include="stream_input.cpp">
      <Filter>Input</Filter>
    </ClCompile>
    <ClCompile Include="combo_input.cpp">
      <Filter>Input</Filter>
    </ClCompile>
    <ClCompile Include="captured_input.cpp">
      <Filter>Input</Filter>
    </ClCompile>
  </ItemGroup>
  <ItemGroup>
    <ClInclude Include="armor.h">
      <Filter>Items</Filter>
    </ClInclude>
    <ClInclude Include="item.h">
      <Filter>Items</Filter>
    </ClInclude>
    <ClInclude Include="rings.h">
      <Filter>Items</Filter>
    </ClInclude>
    <ClInclude Include="weapons.h">
      <Filter>Items</Filter>
    </ClInclude>
    <ClInclude Include="sticks.h">
      <Filter>Items</Filter>
    </ClInclude>
    <ClInclude Include="scrolls.h">
      <Filter>Items</Filter>
    </ClInclude>
    <ClInclude Include="food.h">
      <Filter>Items</Filter>
    </ClInclude>
    <ClInclude Include="potions.h">
      <Filter>Items</Filter>
    </ClInclude>
    <ClInclude Include="amulet.h">
      <Filter>Items</Filter>
    </ClInclude>
    <ClInclude Include="gold.h">
      <Filter>Items</Filter>
    </ClInclude>
    <ClInclude Include="agent.h">
      <Filter>Agents</Filter>
    </ClInclude>
    <ClInclude Include="monsters.h">
      <Filter>Agents</Filter>
    </ClInclude>
    <ClInclude Include="monster.h">
      <Filter>Agents</Filter>
    </ClInclude>
    <ClInclude Include="hero.h">
      <Filter>Agents</Filter>
    </ClInclude>
    <ClInclude Include="slime.h">
      <Filter>Agents</Filter>
    </ClInclude>
    <ClInclude Include="room.h">
      <Filter>Levels</Filter>
    </ClInclude>
    <ClInclude Include="rooms.h">
      <Filter>Levels</Filter>
    </ClInclude>
    <ClInclude Include="maze.h">
      <Filter>Levels</Filter>
    </ClInclude>
    <ClInclude Include="level.h">
      <Filter>Levels</Filter>
    </ClInclude>
    <ClInclude Include="io.h">
      <Filter>Output</Filter>
    </ClInclude>
    <ClInclude Include="daemon.h">
      <Filter>Unsorted</Filter>
    </ClInclude>
    <ClInclude Include="daemons.h">
      <Filter>Unsorted</Filter>
    </ClInclude>
    <ClInclude Include="env.h">
      <Filter>Unsorted</Filter>
    </ClInclude>
    <ClInclude Include="fight.h">
      <Filter>Unsorted</Filter>
    </ClInclude>
    <ClInclude Include="list.h">
      <Filter>Unsorted</Filter>
    </ClInclude>
    <ClInclude Include="misc.h">
      <Filter>Unsorted</Filter>
    </ClInclude>
    <ClInclude Include="move.h">
      <Filter>Unsorted</Filter>
    </ClInclude>
    <ClInclude Include="pack.h">
      <Filter>Unsorted</Filter>
    </ClInclude>
    <ClInclude Include="random.h">
      <Filter>Unsorted</Filter>
    </ClInclude>
    <ClInclude Include="rip.h">
      <Filter>Unsorted</Filter>
    </ClInclude>
    <ClInclude Include="save.h">
      <Filter>Unsorted</Filter>
    </ClInclude>
    <ClInclude Include="strings.h">
      <Filter>Unsorted</Filter>
    </ClInclude>
    <ClInclude Include="things.h">
      <Filter>Unsorted</Filter>
    </ClInclude>
    <ClInclude Include="wizard.h">
      <Filter>Unsorted</Filter>
    </ClInclude>
    <ClInclude Include="item_class.h">
      <Filter>Items</Filter>
    </ClInclude>
    <ClInclude Include="curses.h">
      <Filter>Output</Filter>
    </ClInclude>
    <ClInclude Include="main.h">
      <Filter>Core</Filter>
    </ClInclude>
    <ClInclude Include="game_state.h">
      <Filter>Core</Filter>
    </ClInclude>
    <ClInclude Include="rogue.h">
      <Filter>Core</Filter>
    </ClInclude>
    <ClInclude Include="commands.h">
      <Filter>Core</Filter>
    </ClInclude>
    <ClInclude Include="command.h">
      <Filter>Core</Filter>
    </ClInclude>
    <ClInclude Include="input_interface.h">
      <Filter>Input</Filter>
    </ClInclude>
    <ClInclude Include="mach_dep.h">
      <Filter>Input</Filter>
    </ClInclude>
    <ClInclude Include="stream_input.h">
      <Filter>Input</Filter>
    </ClInclude>
    <ClInclude Include="combo_input.h">
      <Filter>Input</Filter>
    </ClInclude>
    <ClInclude Include="captured_input.h">
      <Filter>Input</Filter>
    </ClInclude>
    <ClInclude Include="coord.h">
      <Filter>Core</Filter>
    </ClInclude>
    <ClInclude Include="display_interface.h">
      <Filter>Output</Filter>
    </ClInclude>
    <ClInclude Include="display_interface_types.h">
      <Filter>Output</Filter>
    </ClInclude>
  </ItemGroup>
</Project>