<?xml version="1.0" encoding="utf-8"?>
<Project ToolsVersion="4.0" xmlns="http://schemas.microsoft.com/developer/msbuild/2003">
  <ItemGroup>
    <Filter Include="Source">
      <UniqueIdentifier>{ceee1bd3-f655-4e84-a4d1-ab4b178254d2}</UniqueIdentifier>
    </Filter>
    <Filter Include="Shared">
      <UniqueIdentifier>{b1db413a-4b03-4705-ae5b-fef5ae1fad9b}</UniqueIdentifier>
    </Filter>
  </ItemGroup>
  <ItemGroup>
    <ClInclude Include="utility.h">
      <Filter>Source</Filter>
    </ClInclude>
    <ClInclude Include="sdl_rogue.h">
      <Filter>Source</Filter>
    </ClInclude>
    <ClInclude Include="environment.h">
      <Filter>Source</Filter>
    </ClInclude>
    <ClInclude Include="game_select.h">
      <Filter>Source</Filter>
    </ClInclude>
    <ClInclude Include="..\Shared\coord.h">
      <Filter>Shared</Filter>
    </ClInclude>
    <ClInclude Include="..\Shared\display_interface.h">
      <Filter>Shared</Filter>
    </ClInclude>
    <ClInclude Include="..\Shared\display_interface_types.h">
      <Filter>Shared</Filter>
    </ClInclude>
    <ClInclude Include="..\Shared\pc_gfx_charmap.h">
      <Filter>Shared</Filter>
    </ClInclude>
    <ClInclude Include="text_provider.h">
      <Filter>Source</Filter>
    </ClInclude>
    <ClInclude Include="tile_provider.h">
      <Filter>Source</Filter>
    </ClInclude>
  </ItemGroup>
  <ItemGroup>
    <ClCompile Include="main.cpp">
      <Filter>Source</Filter>
    </ClCompile>
    <ClCompile Include="utility.cpp">
      <Filter>Source</Filter>
    </ClCompile>
    <ClCompile Include="sdl_rogue.cpp">
      <Filter>Source</Filter>
    </ClCompile>
    <ClCompile Include="environment.cpp">
      <Filter>Source</Filter>
    </ClCompile>
    <ClCompile Include="game_select.cpp">
      <Filter>Source</Filter>
    </ClCompile>
    <ClCompile Include="text_provider.cpp">
      <Filter>Source</Filter>
    </ClCompile>
    <ClCompile Include="tile_provider.cpp">
      <Filter>Source</Filter>
    </ClCompile>
  </ItemGroup>
</Project>