<?xml version="1.0" encoding="utf-8"?>
<Project ToolsVersion="4.0" xmlns="http://schemas.microsoft.com/developer/msbuild/2003">
  <ItemGroup>
    <Filter Include="Shared">
      <UniqueIdentifier>{b1db413a-4b03-4705-ae5b-fef5ae1fad9b}</UniqueIdentifier>
    </Filter>
    <Filter Include="SDL">
      <UniqueIdentifier>{75e63ad5-3eae-4b65-8fd3-52e60584dcb2}</UniqueIdentifier>
    </Filter>
  </ItemGroup>
  <ItemGroup>
    <ClInclude Include="..\Shared\coord.h">
      <Filter>Shared</Filter>
    </ClInclude>
    <ClInclude Include="..\Shared\display_interface.h">
      <Filter>Shared</Filter>
    </ClInclude>
    <ClInclude Include="..\Shared\display_interface_types.h">
      <Filter>Shared</Filter>
    </ClInclude>
    <ClInclude Include="..\Shared\pc_gfx_charmap.h">
      <Filter>Shared</Filter>
    </ClInclude>
    <ClInclude Include="sdl_utility.h">
      <Filter>SDL</Filter>
    </ClInclude>
    <ClInclude Include="sdl_display.h">
      <Filter>SDL</Filter>
    </ClInclude>
    <ClInclude Include="sdl_input.h">
      <Filter>SDL</Filter>
    </ClInclude>
    <ClInclude Include="sdl_rogue.h">
      <Filter>SDL</Filter>
    </ClInclude>
    <ClInclude Include="game_select.h">
      <Filter>SDL</Filter>
    </ClInclude>
    <ClInclude Include="text_provider.h">
      <Filter>SDL</Filter>
    </ClInclude>
    <ClInclude Include="tile_provider.h">
      <Filter>SDL</Filter>
    </ClInclude>
    <ClInclude Include="window_sizer.h">
      <Filter>SDL</Filter>
    </ClInclude>
  </ItemGroup>
  <ItemGroup>
    <ClCompile Include="sdl_display.cpp">
      <Filter>SDL</Filter>
    </ClCompile>
    <ClCompile Include="sdl_input.cpp">
      <Filter>SDL</Filter>
    </ClCompile>
    <ClCompile Include="sdl_rogue.cpp">
      <Filter>SDL</Filter>
    </ClCompile>
    <ClCompile Include="sdl_utility.cpp">
      <Filter>SDL</Filter>
    </ClCompile>
    <ClCompile Include="game_select.cpp">
      <Filter>SDL</Filter>
    </ClCompile>
    <ClCompile Include="main.cpp">
      <Filter>SDL</Filter>
    </ClCompile>
    <ClCompile Include="text_provider.cpp">
      <Filter>SDL</Filter>
    </ClCompile>
    <ClCompile Include="tile_provider.cpp">
      <Filter>SDL</Filter>
    </ClCompile>
    <ClCompile Include="window_sizer.cpp">
      <Filter>SDL</Filter>
    </ClCompile>
  </ItemGroup>
</Project>