<?xml version="1.0" encoding="utf-8"?>
<Project ToolsVersion="4.0" xmlns="http://schemas.microsoft.com/developer/msbuild/2003">
  <ItemGroup>
    <Filter Include="Source">
      <UniqueIdentifier>{d92ae6f1-9009-4c22-b980-cae5a70cd6c3}</UniqueIdentifier>
    </Filter>
  </ItemGroup>
  <ItemGroup>
    <ClCompile Include="console_rogue.cpp">
      <Filter>Source</Filter>
    </ClCompile>
    <ClCompile Include="windows_console.cpp">
      <Filter>Source</Filter>
    </ClCompile>
    <ClCompile Include="pdc_keyboard_input.cpp">
      <Filter>Source</Filter>
    </ClCompile>
  </ItemGroup>
  <ItemGroup>
    <ClInclude Include="windows_console.h">
      <Filter>Source</Filter>
    </ClInclude>
    <ClInclude Include="pdc_keyboard_input.h">
      <Filter>Source</Filter>
    </ClInclude>
  </ItemGroup>
</Project>